
Microsoft Visual Studio Solution File, Format Version 12.00
# Visual Studio 2013
VisualStudioVersion = 12.0.30110.0
MinimumVisualStudioVersion = 10.0.40219.1
Project("{FAE04EC0-301F-11D3-BF4B-00C04F79EFBC}") = "Lesson05", "Lesson05\Lesson05.csproj", "{38441841-066D-4064-BFE4-0891F09B4CFA}"
EndProject
Project("{FAE04EC0-301F-11D3-BF4B-00C04F79EFBC}") = "Lesson05.Core", "Lesson05.Core\Lesson05.Core.csproj", "{CFDBF05D-1C67-406B-9132-C7539EFF8F91}"
EndProject
Project("{FAE04EC0-301F-11D3-BF4B-00C04F79EFBC}") = "Lesson05.Tests", "Lesson05.Tests\Lesson05.Tests.csproj", "{7C6914EA-C4C7-47F5-B02B-71391595089F}"
EndProject
Global
	GlobalSection(SolutionConfigurationPlatforms) = preSolution
		Debug|Any CPU = Debug|Any CPU
		Release|Any CPU = Release|Any CPU
	EndGlobalSection
	GlobalSection(ProjectConfigurationPlatforms) = postSolution
		{38441841-066D-4064-BFE4-0891F09B4CFA}.Debug|Any CPU.ActiveCfg = Debug|Any CPU
		{38441841-066D-4064-BFE4-0891F09B4CFA}.Debug|Any CPU.Build.0 = Debug|Any CPU
		{38441841-066D-4064-BFE4-0891F09B4CFA}.Release|Any CPU.ActiveCfg = Release|Any CPU
		{38441841-066D-4064-BFE4-0891F09B4CFA}.Release|Any CPU.Build.0 = Release|Any CPU
		{CFDBF05D-1C67-406B-9132-C7539EFF8F91}.Debug|Any CPU.ActiveCfg = Debug|Any CPU
		{CFDBF05D-1C67-406B-9132-C7539EFF8F91}.Debug|Any CPU.Build.0 = Debug|Any CPU
		{CFDBF05D-1C67-406B-9132-C7539EFF8F91}.Release|Any CPU.ActiveCfg = Release|Any CPU
		{CFDBF05D-1C67-406B-9132-C7539EFF8F91}.Release|Any CPU.Build.0 = Release|Any CPU
		{7C6914EA-C4C7-47F5-B02B-71391595089F}.Debug|Any CPU.ActiveCfg = Debug|Any CPU
		{7C6914EA-C4C7-47F5-B02B-71391595089F}.Debug|Any CPU.Build.0 = Debug|Any CPU
		{7C6914EA-C4C7-47F5-B02B-71391595089F}.Release|Any CPU.ActiveCfg = Release|Any CPU
		{7C6914EA-C4C7-47F5-B02B-71391595089F}.Release|Any CPU.Build.0 = Release|Any CPU
	EndGlobalSection
	GlobalSection(SolutionProperties) = preSolution
		HideSolutionNode = FALSE
	EndGlobalSection
EndGlobal
