
Microsoft Visual Studio Solution File, Format Version 12.00
# Visual Studio 2013
VisualStudioVersion = 12.0.30110.0
MinimumVisualStudioVersion = 10.0.40219.1
Project("{FAE04EC0-301F-11D3-BF4B-00C04F79EFBC}") = "Lesson12.Server", "Lesson12.Server\Lesson12.Server.csproj", "{0F85C318-6758-4ADF-BD2F-17AA0CBCD9E4}"
EndProject
Project("{FAE04EC0-301F-11D3-BF4B-00C04F79EFBC}") = "Lesson12.Core", "..\Lesson12.Core\Lesson12.Core\Lesson12.Core.csproj", "{19051D7D-046F-46BD-B46A-F633A8EC8393}"
EndProject
Global
	GlobalSection(SolutionConfigurationPlatforms) = preSolution
		Debug|Any CPU = Debug|Any CPU
		Release|Any CPU = Release|Any CPU
	EndGlobalSection
	GlobalSection(ProjectConfigurationPlatforms) = postSolution
		{0F85C318-6758-4ADF-BD2F-17AA0CBCD9E4}.Debug|Any CPU.ActiveCfg = Debug|Any CPU
		{0F85C318-6758-4ADF-BD2F-17AA0CBCD9E4}.Debug|Any CPU.Build.0 = Debug|Any CPU
		{0F85C318-6758-4ADF-BD2F-17AA0CBCD9E4}.Release|Any CPU.ActiveCfg = Release|Any CPU
		{0F85C318-6758-4ADF-BD2F-17AA0CBCD9E4}.Release|Any CPU.Build.0 = Release|Any CPU
		{19051D7D-046F-46BD-B46A-F633A8EC8393}.Debug|Any CPU.ActiveCfg = Debug|Any CPU
		{19051D7D-046F-46BD-B46A-F633A8EC8393}.Debug|Any CPU.Build.0 = Debug|Any CPU
		{19051D7D-046F-46BD-B46A-F633A8EC8393}.Release|Any CPU.ActiveCfg = Release|Any CPU
		{19051D7D-046F-46BD-B46A-F633A8EC8393}.Release|Any CPU.Build.0 = Release|Any CPU
	EndGlobalSection
	GlobalSection(SolutionProperties) = preSolution
		HideSolutionNode = FALSE
	EndGlobalSection
EndGlobal
